
Microsoft Visual Studio Solution File, Format Version 12.00
# Visual Studio Version 17
VisualStudioVersion = 17.0.31903.59
MinimumVisualStudioVersion = 10.0.40219.1
Project("{FAE04EC0-301F-11D3-BF4B-00C04F79EFBC}") = "BibliotecaMVC", "BibliotecaMVC\BibliotecaMVC.csproj", "{F93C7937-B4BF-4C9D-B495-98375A2D6A52}"
EndProject
Global
	GlobalSection(SolutionConfigurationPlatforms) = preSolution
		Debug|Any CPU = Debug|Any CPU
		Release|Any CPU = Release|Any CPU
	EndGlobalSection
	GlobalSection(ProjectConfigurationPlatforms) = postSolution
		{F93C7937-B4BF-4C9D-B495-98375A2D6A52}.Debug|Any CPU.ActiveCfg = Debug|Any CPU
		{F93C7937-B4BF-4C9D-B495-98375A2D6A52}.Debug|Any CPU.Build.0 = Debug|Any CPU
		{F93C7937-B4BF-4C9D-B495-98375A2D6A52}.Release|Any CPU.ActiveCfg = Release|Any CPU
		{F93C7937-B4BF-4C9D-B495-98375A2D6A52}.Release|Any CPU.Build.0 = Release|Any CPU
	EndGlobalSection
	GlobalSection(SolutionProperties) = preSolution
		HideSolutionNode = FALSE
	EndGlobalSection
	GlobalSection(ExtensibilityGlobals) = postSolution
		SolutionGuid = {7E8DF099-7C3D-4B2B-B331-1FEE6E8E1290}
	EndGlobalSection
EndGlobal
